
Microsoft Visual Studio Solution File, Format Version 12.00
# Visual Studio Version 16
VisualStudioVersion = 16.0.29519.87
MinimumVisualStudioVersion = 10.0.40219.1
Project("{9A19103F-16F7-4668-BE54-9A1E7A4F7556}") = "QuackCalendar.Model", "QuackCalendar.Model\QuackCalendar.Model.csproj", "{C4114071-C8A7-4142-8BD7-646D74D224AB}"
EndProject
Project("{9A19103F-16F7-4668-BE54-9A1E7A4F7556}") = "QuackCalendar.Service", "QuackCalendar.Service\QuackCalendar.Service.csproj", "{058EE73E-1BF0-4D1E-BE50-60417CE0EA66}"
EndProject
Project("{2150E333-8FDC-42A3-9474-1A3956D46DE8}") = "Tests", "Tests", "{6F7F5D8B-1C63-4F8F-9524-1D3346E32068}"
EndProject
Project("{9A19103F-16F7-4668-BE54-9A1E7A4F7556}") = "AcceptanceTests", "AcceptanceTests\AcceptanceTests.csproj", "{EC5836A8-DAF9-4B54-8CE9-186382AC7098}"
EndProject
Project("{9A19103F-16F7-4668-BE54-9A1E7A4F7556}") = "QuackCalendar.WebApp", "QuackCalendar.WebApp\QuackCalendar.WebApp.csproj", "{329725BE-5B12-467A-B014-F2FEF5BCA0BF}"
EndProject
Global
	GlobalSection(SolutionConfigurationPlatforms) = preSolution
		Debug|Any CPU = Debug|Any CPU
		Release|Any CPU = Release|Any CPU
	EndGlobalSection
	GlobalSection(ProjectConfigurationPlatforms) = postSolution
		{C4114071-C8A7-4142-8BD7-646D74D224AB}.Debug|Any CPU.ActiveCfg = Debug|Any CPU
		{C4114071-C8A7-4142-8BD7-646D74D224AB}.Debug|Any CPU.Build.0 = Debug|Any CPU
		{C4114071-C8A7-4142-8BD7-646D74D224AB}.Release|Any CPU.ActiveCfg = Release|Any CPU
		{C4114071-C8A7-4142-8BD7-646D74D224AB}.Release|Any CPU.Build.0 = Release|Any CPU
		{058EE73E-1BF0-4D1E-BE50-60417CE0EA66}.Debug|Any CPU.ActiveCfg = Debug|Any CPU
		{058EE73E-1BF0-4D1E-BE50-60417CE0EA66}.Debug|Any CPU.Build.0 = Debug|Any CPU
		{058EE73E-1BF0-4D1E-BE50-60417CE0EA66}.Release|Any CPU.ActiveCfg = Release|Any CPU
		{058EE73E-1BF0-4D1E-BE50-60417CE0EA66}.Release|Any CPU.Build.0 = Release|Any CPU
		{EC5836A8-DAF9-4B54-8CE9-186382AC7098}.Debug|Any CPU.ActiveCfg = Debug|Any CPU
		{EC5836A8-DAF9-4B54-8CE9-186382AC7098}.Debug|Any CPU.Build.0 = Debug|Any CPU
		{EC5836A8-DAF9-4B54-8CE9-186382AC7098}.Release|Any CPU.ActiveCfg = Release|Any CPU
		{EC5836A8-DAF9-4B54-8CE9-186382AC7098}.Release|Any CPU.Build.0 = Release|Any CPU
		{329725BE-5B12-467A-B014-F2FEF5BCA0BF}.Debug|Any CPU.ActiveCfg = Debug|Any CPU
		{329725BE-5B12-467A-B014-F2FEF5BCA0BF}.Debug|Any CPU.Build.0 = Debug|Any CPU
		{329725BE-5B12-467A-B014-F2FEF5BCA0BF}.Release|Any CPU.ActiveCfg = Release|Any CPU
		{329725BE-5B12-467A-B014-F2FEF5BCA0BF}.Release|Any CPU.Build.0 = Release|Any CPU
	EndGlobalSection
	GlobalSection(SolutionProperties) = preSolution
		HideSolutionNode = FALSE
	EndGlobalSection
	GlobalSection(NestedProjects) = preSolution
		{EC5836A8-DAF9-4B54-8CE9-186382AC7098} = {6F7F5D8B-1C63-4F8F-9524-1D3346E32068}
	EndGlobalSection
	GlobalSection(ExtensibilityGlobals) = postSolution
		SolutionGuid = {FE046CB5-2383-40F1-AF86-5AFD92ACADAD}
	EndGlobalSection
EndGlobal
